
Microsoft Visual Studio Solution File, Format Version 12.00
# Visual Studio 14
VisualStudioVersion = 14.0.25420.1
MinimumVisualStudioVersion = 10.0.40219.1
Project("{FAE04EC0-301F-11D3-BF4B-00C04F79EFBC}") = "PolygonGeneralization.Core", "PolygonGeneralization.Core\PolygonGeneralization.Core.csproj", "{4AB16926-F749-4750-911E-6B6B86E26449}"
EndProject
Project("{FAE04EC0-301F-11D3-BF4B-00C04F79EFBC}") = "PolygonGeneralization.Core.Tests", "PolygonGeneralization.Core.Tests\PolygonGeneralization.Core.Tests.csproj", "{BEFA7A06-0F30-47C1-8ECA-E011E9037E70}"
EndProject
Project("{FAE04EC0-301F-11D3-BF4B-00C04F79EFBC}") = "PolygonGeneralization.DataReader", "PolygonGeneralization.DataReader\PolygonGeneralization.DataReader.csproj", "{B88D7FBE-05F4-4C1B-8EE6-579F0590E2BC}"
EndProject
Project("{FAE04EC0-301F-11D3-BF4B-00C04F79EFBC}") = "PolygonGeneralization.Domain", "PolygonGeneralization.Domain\PolygonGeneralization.Domain.csproj", "{210A975A-57DE-4BE6-9EE8-320409244F55}"
EndProject
Project("{FAE04EC0-301F-11D3-BF4B-00C04F79EFBC}") = "PolygonGeneralization.Infrastructure", "PolygonGeneralization.Infrastructure\PolygonGeneralization.Infrastructure.csproj", "{824FFEBC-1F34-494F-A8C8-499AB0049B3A}"
EndProject
Global
	GlobalSection(SolutionConfigurationPlatforms) = preSolution
		Debug|Any CPU = Debug|Any CPU
		Release|Any CPU = Release|Any CPU
	EndGlobalSection
	GlobalSection(ProjectConfigurationPlatforms) = postSolution
		{4AB16926-F749-4750-911E-6B6B86E26449}.Debug|Any CPU.ActiveCfg = Debug|Any CPU
		{4AB16926-F749-4750-911E-6B6B86E26449}.Debug|Any CPU.Build.0 = Debug|Any CPU
		{4AB16926-F749-4750-911E-6B6B86E26449}.Release|Any CPU.ActiveCfg = Release|Any CPU
		{4AB16926-F749-4750-911E-6B6B86E26449}.Release|Any CPU.Build.0 = Release|Any CPU
		{BEFA7A06-0F30-47C1-8ECA-E011E9037E70}.Debug|Any CPU.ActiveCfg = Debug|Any CPU
		{BEFA7A06-0F30-47C1-8ECA-E011E9037E70}.Debug|Any CPU.Build.0 = Debug|Any CPU
		{BEFA7A06-0F30-47C1-8ECA-E011E9037E70}.Release|Any CPU.ActiveCfg = Release|Any CPU
		{BEFA7A06-0F30-47C1-8ECA-E011E9037E70}.Release|Any CPU.Build.0 = Release|Any CPU
		{B88D7FBE-05F4-4C1B-8EE6-579F0590E2BC}.Debug|Any CPU.ActiveCfg = Debug|Any CPU
		{B88D7FBE-05F4-4C1B-8EE6-579F0590E2BC}.Debug|Any CPU.Build.0 = Debug|Any CPU
		{B88D7FBE-05F4-4C1B-8EE6-579F0590E2BC}.Release|Any CPU.ActiveCfg = Release|Any CPU
		{B88D7FBE-05F4-4C1B-8EE6-579F0590E2BC}.Release|Any CPU.Build.0 = Release|Any CPU
		{210A975A-57DE-4BE6-9EE8-320409244F55}.Debug|Any CPU.ActiveCfg = Debug|Any CPU
		{210A975A-57DE-4BE6-9EE8-320409244F55}.Debug|Any CPU.Build.0 = Debug|Any CPU
		{210A975A-57DE-4BE6-9EE8-320409244F55}.Release|Any CPU.ActiveCfg = Release|Any CPU
		{210A975A-57DE-4BE6-9EE8-320409244F55}.Release|Any CPU.Build.0 = Release|Any CPU
		{824FFEBC-1F34-494F-A8C8-499AB0049B3A}.Debug|Any CPU.ActiveCfg = Debug|Any CPU
		{824FFEBC-1F34-494F-A8C8-499AB0049B3A}.Debug|Any CPU.Build.0 = Debug|Any CPU
		{824FFEBC-1F34-494F-A8C8-499AB0049B3A}.Release|Any CPU.ActiveCfg = Release|Any CPU
		{824FFEBC-1F34-494F-A8C8-499AB0049B3A}.Release|Any CPU.Build.0 = Release|Any CPU
	EndGlobalSection
	GlobalSection(SolutionProperties) = preSolution
		HideSolutionNode = FALSE
	EndGlobalSection
EndGlobal
